
Microsoft Visual Studio Solution File, Format Version 12.00
# Visual Studio Version 17
VisualStudioVersion = 17.2.32616.157
MinimumVisualStudioVersion = 10.0.40219.1
Project("{FAE04EC0-301F-11D3-BF4B-00C04F79EFBC}") = "Week5FS", "Week5FS\Week5FS.csproj", "{75472D2E-CDAB-4445-A901-8DB091587FAA}"
EndProject
Global
	GlobalSection(SolutionConfigurationPlatforms) = preSolution
		Debug|Any CPU = Debug|Any CPU
		Release|Any CPU = Release|Any CPU
	EndGlobalSection
	GlobalSection(ProjectConfigurationPlatforms) = postSolution
		{75472D2E-CDAB-4445-A901-8DB091587FAA}.Debug|Any CPU.ActiveCfg = Debug|Any CPU
		{75472D2E-CDAB-4445-A901-8DB091587FAA}.Debug|Any CPU.Build.0 = Debug|Any CPU
		{75472D2E-CDAB-4445-A901-8DB091587FAA}.Release|Any CPU.ActiveCfg = Release|Any CPU
		{75472D2E-CDAB-4445-A901-8DB091587FAA}.Release|Any CPU.Build.0 = Release|Any CPU
	EndGlobalSection
	GlobalSection(SolutionProperties) = preSolution
		HideSolutionNode = FALSE
	EndGlobalSection
	GlobalSection(ExtensibilityGlobals) = postSolution
		SolutionGuid = {D6A97176-2FF9-42A9-A46B-2C40E037FDF7}
	EndGlobalSection
EndGlobal
